
Microsoft Visual Studio Solution File, Format Version 12.00
# Visual Studio 15
VisualStudioVersion = 15.0.28307.106
MinimumVisualStudioVersion = 10.0.40219.1
Project("{FAE04EC0-301F-11D3-BF4B-00C04F79EFBC}") = "LevelEditor", "LevelEditor\LevelEditor.csproj", "{65DE2A2D-80D1-48E9-9F04-1177013812F1}"
EndProject
Global
	GlobalSection(SolutionConfigurationPlatforms) = preSolution
		Debug|Any CPU = Debug|Any CPU
		Release|Any CPU = Release|Any CPU
	EndGlobalSection
	GlobalSection(ProjectConfigurationPlatforms) = postSolution
		{65DE2A2D-80D1-48E9-9F04-1177013812F1}.Debug|Any CPU.ActiveCfg = Debug|Any CPU
		{65DE2A2D-80D1-48E9-9F04-1177013812F1}.Debug|Any CPU.Build.0 = Debug|Any CPU
		{65DE2A2D-80D1-48E9-9F04-1177013812F1}.Release|Any CPU.ActiveCfg = Release|Any CPU
		{65DE2A2D-80D1-48E9-9F04-1177013812F1}.Release|Any CPU.Build.0 = Release|Any CPU
	EndGlobalSection
	GlobalSection(SolutionProperties) = preSolution
		HideSolutionNode = FALSE
	EndGlobalSection
	GlobalSection(ExtensibilityGlobals) = postSolution
		SolutionGuid = {9C6F2701-CFA9-44DC-B855-93B0FE20DAF0}
	EndGlobalSection
EndGlobal
